// !$*UTF8*$!
{
	archiveVersion = 1;
	classes = {
	};
	objectVersion = 46;
	objects = {

/* Begin PBXBuildFile section */
		039A91FC1BC8B75A0020B640 /* main.m in Sources */ = {isa = PBXBuildFile; fileRef = 039A91FB1BC8B75A0020B640 /* main.m */; };
		039A91FF1BC8B75A0020B640 /* AppDelegate.m in Sources */ = {isa = PBXBuildFile; fileRef = 039A91FE1BC8B75A0020B640 /* AppDelegate.m */; };
		039A92021BC8B75A0020B640 /* ViewController.m in Sources */ = {isa = PBXBuildFile; fileRef = 039A92011BC8B75A0020B640 /* ViewController.m */; };
		039A92051BC8B75A0020B640 /* Main.storyboard in Resources */ = {isa = PBXBuildFile; fileRef = 039A92031BC8B75A0020B640 /* Main.storyboard */; };
		039A92071BC8B75A0020B640 /* Assets.xcassets in Resources */ = {isa = PBXBuildFile; fileRef = 039A92061BC8B75A0020B640 /* Assets.xcassets */; };
		039A920A1BC8B75A0020B640 /* LaunchScreen.storyboard in Resources */ = {isa = PBXBuildFile; fileRef = 039A92081BC8B75A0020B640 /* LaunchScreen.storyboard */; };
		039A92151BC8B75A0020B640 /* CKAlertControllerTests.m in Sources */ = {isa = PBXBuildFile; fileRef = 039A92141BC8B75A0020B640 /* CKAlertControllerTests.m */; };
		039A92201BC8B75A0020B640 /* CKAlertControllerUITests.m in Sources */ = {isa = PBXBuildFile; fileRef = 039A921F1BC8B75A0020B640 /* CKAlertControllerUITests.m */; };
		039A92301BC8B8440020B640 /* CKAlertController.m in Sources */ = {isa = PBXBuildFile; fileRef = 039A922F1BC8B8440020B640 /* CKAlertController.m */; };
		039A92321BC8BE6C0020B640 /* CKAlertController.storyboard in Resources */ = {isa = PBXBuildFile; fileRef = 039A92311BC8BE6C0020B640 /* CKAlertController.storyboard */; };
		039A92361BC8C3120020B640 /* CKAlertControllerTransitionDelegate.m in Sources */ = {isa = PBXBuildFile; fileRef = 039A92351BC8C3120020B640 /* CKAlertControllerTransitionDelegate.m */; };
		039A92391BC8C3340020B640 /* CKAlertControllerTransitionController.m in Sources */ = {isa = PBXBuildFile; fileRef = 039A92381BC8C3340020B640 /* CKAlertControllerTransitionController.m */; };
		039A92491BC8EABE0020B640 /* CKAlertView.m in Sources */ = {isa = PBXBuildFile; fileRef = 039A92471BC8EABE0020B640 /* CKAlertView.m */; };
		039A924C1BC8EADA0020B640 /* CKAlertTitleView.m in Sources */ = {isa = PBXBuildFile; fileRef = 039A924B1BC8EADA0020B640 /* CKAlertTitleView.m */; };
		039A924E1BC8EBEB0020B640 /* CKAlertTitleView.xib in Resources */ = {isa = PBXBuildFile; fileRef = 039A924D1BC8EBEB0020B640 /* CKAlertTitleView.xib */; };
		039A92501BC8EF9A0020B640 /* CKAlertView.xib in Resources */ = {isa = PBXBuildFile; fileRef = 039A924F1BC8EF9A0020B640 /* CKAlertView.xib */; };
		039A92531BC8FB4D0020B640 /* CKActionCell.m in Sources */ = {isa = PBXBuildFile; fileRef = 039A92521BC8FB4D0020B640 /* CKActionCell.m */; };
		039A92561BC900FB0020B640 /* CKPopupView.m in Sources */ = {isa = PBXBuildFile; fileRef = 039A92551BC900FB0020B640 /* CKPopupView.m */; };
		039A92581BC9042B0020B640 /* CKActionCell.xib in Resources */ = {isa = PBXBuildFile; fileRef = 039A92571BC9042B0020B640 /* CKActionCell.xib */; };
		039A925C1BC90E080020B640 /* CKAlertTextFieldCell.m in Sources */ = {isa = PBXBuildFile; fileRef = 039A925A1BC90E080020B640 /* CKAlertTextFieldCell.m */; };
		039A925D1BC90E080020B640 /* CKAlertTextFieldCell.xib in Resources */ = {isa = PBXBuildFile; fileRef = 039A925B1BC90E080020B640 /* CKAlertTextFieldCell.xib */; };
		CC3FAF501CA8E1A300155C11 /* CKAlertCheckBoxView.m in Sources */ = {isa = PBXBuildFile; fileRef = CC3FAF4E1CA8E1A300155C11 /* CKAlertCheckBoxView.m */; };
		CC3FAF511CA8E1A300155C11 /* CKAlertCheckBoxView.xib in Resources */ = {isa = PBXBuildFile; fileRef = CC3FAF4F1CA8E1A300155C11 /* CKAlertCheckBoxView.xib */; };
		CC77C9201BCB7B8100A90370 /* CKAlertUIConfiguration.m in Sources */ = {isa = PBXBuildFile; fileRef = CC77C91F1BCB7B8100A90370 /* CKAlertUIConfiguration.m */; };
		CC77C9271BCB8D0600A90370 /* popupbox_bottomborder__black.png in Resources */ = {isa = PBXBuildFile; fileRef = CC77C9211BCB8D0600A90370 /* popupbox_bottomborder__black.png */; };
		CC77C9281BCB8D0600A90370 /* popupbox_bottomborder__black@2x.png in Resources */ = {isa = PBXBuildFile; fileRef = CC77C9221BCB8D0600A90370 /* popupbox_bottomborder__black@2x.png */; };
		CC77C9291BCB8D0600A90370 /* popupbox_bottomborder__black@3x.png in Resources */ = {isa = PBXBuildFile; fileRef = CC77C9231BCB8D0600A90370 /* popupbox_bottomborder__black@3x.png */; };
		CC77C92A1BCB8D0600A90370 /* popupbox_bottomborder.png in Resources */ = {isa = PBXBuildFile; fileRef = CC77C9241BCB8D0600A90370 /* popupbox_bottomborder.png */; };
		CC77C92B1BCB8D0600A90370 /* popupbox_bottomborder@2x.png in Resources */ = {isa = PBXBuildFile; fileRef = CC77C9251BCB8D0600A90370 /* popupbox_bottomborder@2x.png */; };
		CC77C92C1BCB8D0600A90370 /* popupbox_bottomborder@3x.png in Resources */ = {isa = PBXBuildFile; fileRef = CC77C9261BCB8D0600A90370 /* popupbox_bottomborder@3x.png */; };
/* End PBXBuildFile section */

/* Begin PBXContainerItemProxy section */
		039A92111BC8B75A0020B640 /* PBXContainerItemProxy */ = {
			isa = PBXContainerItemProxy;
			containerPortal = 039A91EF1BC8B75A0020B640 /* Project object */;
			proxyType = 1;
			remoteGlobalIDString = 039A91F61BC8B75A0020B640;
			remoteInfo = CKAlertController;
		};
		039A921C1BC8B75A0020B640 /* PBXContainerItemProxy */ = {
			isa = PBXContainerItemProxy;
			containerPortal = 039A91EF1BC8B75A0020B640 /* Project object */;
			proxyType = 1;
			remoteGlobalIDString = 039A91F61BC8B75A0020B640;
			remoteInfo = CKAlertController;
		};
/* End PBXContainerItemProxy section */

/* Begin PBXFileReference section */
		039A91F71BC8B75A0020B640 /* CKAlertController.app */ = {isa = PBXFileReference; explicitFileType = wrapper.application; includeInIndex = 0; path = CKAlertController.app; sourceTree = BUILT_PRODUCTS_DIR; };
		039A91FB1BC8B75A0020B640 /* main.m */ = {isa = PBXFileReference; lastKnownFileType = sourcecode.c.objc; path = main.m; sourceTree = "<group>"; };
		039A91FD1BC8B75A0020B640 /* AppDelegate.h */ = {isa = PBXFileReference; lastKnownFileType = sourcecode.c.h; path = AppDelegate.h; sourceTree = "<group>"; };
		039A91FE1BC8B75A0020B640 /* AppDelegate.m */ = {isa = PBXFileReference; lastKnownFileType = sourcecode.c.objc; path = AppDelegate.m; sourceTree = "<group>"; };
		039A92001BC8B75A0020B640 /* ViewController.h */ = {isa = PBXFileReference; lastKnownFileType = sourcecode.c.h; path = ViewController.h; sourceTree = "<group>"; };
		039A92011BC8B75A0020B640 /* ViewController.m */ = {isa = PBXFileReference; lastKnownFileType = sourcecode.c.objc; path = ViewController.m; sourceTree = "<group>"; };
		039A92041BC8B75A0020B640 /* Base */ = {isa = PBXFileReference; lastKnownFileType = file.storyboard; name = Base; path = Base.lproj/Main.storyboard; sourceTree = "<group>"; };
		039A92061BC8B75A0020B640 /* Assets.xcassets */ = {isa = PBXFileReference; lastKnownFileType = folder.assetcatalog; path = Assets.xcassets; sourceTree = "<group>"; };
		039A92091BC8B75A0020B640 /* Base */ = {isa = PBXFileReference; lastKnownFileType = file.storyboard; name = Base; path = Base.lproj/LaunchScreen.storyboard; sourceTree = "<group>"; };
		039A920B1BC8B75A0020B640 /* Info.plist */ = {isa = PBXFileReference; lastKnownFileType = text.plist.xml; path = Info.plist; sourceTree = "<group>"; };
		039A92101BC8B75A0020B640 /* CKAlertControllerTests.xctest */ = {isa = PBXFileReference; explicitFileType = wrapper.cfbundle; includeInIndex = 0; path = CKAlertControllerTests.xctest; sourceTree = BUILT_PRODUCTS_DIR; };
		039A92141BC8B75A0020B640 /* CKAlertControllerTests.m */ = {isa = PBXFileReference; lastKnownFileType = sourcecode.c.objc; path = CKAlertControllerTests.m; sourceTree = "<group>"; };
		039A92161BC8B75A0020B640 /* Info.plist */ = {isa = PBXFileReference; lastKnownFileType = text.plist.xml; path = Info.plist; sourceTree = "<group>"; };
		039A921B1BC8B75A0020B640 /* CKAlertControllerUITests.xctest */ = {isa = PBXFileReference; explicitFileType = wrapper.cfbundle; includeInIndex = 0; path = CKAlertControllerUITests.xctest; sourceTree = BUILT_PRODUCTS_DIR; };
		039A921F1BC8B75A0020B640 /* CKAlertControllerUITests.m */ = {isa = PBXFileReference; lastKnownFileType = sourcecode.c.objc; path = CKAlertControllerUITests.m; sourceTree = "<group>"; };
		039A92211BC8B75A0020B640 /* Info.plist */ = {isa = PBXFileReference; lastKnownFileType = text.plist.xml; path = Info.plist; sourceTree = "<group>"; };
		039A922E1BC8B8440020B640 /* CKAlertController.h */ = {isa = PBXFileReference; fileEncoding = 4; lastKnownFileType = sourcecode.c.h; path = CKAlertController.h; sourceTree = "<group>"; };
		039A922F1BC8B8440020B640 /* CKAlertController.m */ = {isa = PBXFileReference; fileEncoding = 4; lastKnownFileType = sourcecode.c.objc; path = CKAlertController.m; sourceTree = "<group>"; };
		039A92311BC8BE6C0020B640 /* CKAlertController.storyboard */ = {isa = PBXFileReference; fileEncoding = 4; lastKnownFileType = file.storyboard; path = CKAlertController.storyboard; sourceTree = "<group>"; };
		039A92341BC8C3120020B640 /* CKAlertControllerTransitionDelegate.h */ = {isa = PBXFileReference; fileEncoding = 4; lastKnownFileType = sourcecode.c.h; path = CKAlertControllerTransitionDelegate.h; sourceTree = "<group>"; };
		039A92351BC8C3120020B640 /* CKAlertControllerTransitionDelegate.m */ = {isa = PBXFileReference; fileEncoding = 4; lastKnownFileType = sourcecode.c.objc; path = CKAlertControllerTransitionDelegate.m; sourceTree = "<group>"; };
		039A92371BC8C3340020B640 /* CKAlertControllerTransitionController.h */ = {isa = PBXFileReference; fileEncoding = 4; lastKnownFileType = sourcecode.c.h; path = CKAlertControllerTransitionController.h; sourceTree = "<group>"; };
		039A92381BC8C3340020B640 /* CKAlertControllerTransitionController.m */ = {isa = PBXFileReference; fileEncoding = 4; lastKnownFileType = sourcecode.c.objc; path = CKAlertControllerTransitionController.m; sourceTree = "<group>"; };
		039A92461BC8EABE0020B640 /* CKAlertView.h */ = {isa = PBXFileReference; fileEncoding = 4; lastKnownFileType = sourcecode.c.h; path = CKAlertView.h; sourceTree = "<group>"; };
		039A92471BC8EABE0020B640 /* CKAlertView.m */ = {isa = PBXFileReference; fileEncoding = 4; lastKnownFileType = sourcecode.c.objc; path = CKAlertView.m; sourceTree = "<group>"; };
		039A924A1BC8EADA0020B640 /* CKAlertTitleView.h */ = {isa = PBXFileReference; fileEncoding = 4; lastKnownFileType = sourcecode.c.h; path = CKAlertTitleView.h; sourceTree = "<group>"; };
		039A924B1BC8EADA0020B640 /* CKAlertTitleView.m */ = {isa = PBXFileReference; fileEncoding = 4; lastKnownFileType = sourcecode.c.objc; path = CKAlertTitleView.m; sourceTree = "<group>"; };
		039A924D1BC8EBEB0020B640 /* CKAlertTitleView.xib */ = {isa = PBXFileReference; fileEncoding = 4; lastKnownFileType = file.xib; path = CKAlertTitleView.xib; sourceTree = "<group>"; };
		039A924F1BC8EF9A0020B640 /* CKAlertView.xib */ = {isa = PBXFileReference; fileEncoding = 4; lastKnownFileType = file.xib; path = CKAlertView.xib; sourceTree = "<group>"; };
		039A92511BC8FB4D0020B640 /* CKActionCell.h */ = {isa = PBXFileReference; fileEncoding = 4; lastKnownFileType = sourcecode.c.h; path = CKActionCell.h; sourceTree = "<group>"; };
		039A92521BC8FB4D0020B640 /* CKActionCell.m */ = {isa = PBXFileReference; fileEncoding = 4; lastKnownFileType = sourcecode.c.objc; path = CKActionCell.m; sourceTree = "<group>"; };
		039A92541BC900FB0020B640 /* CKPopupView.h */ = {isa = PBXFileReference; fileEncoding = 4; lastKnownFileType = sourcecode.c.h; path = CKPopupView.h; sourceTree = "<group>"; };
		039A92551BC900FB0020B640 /* CKPopupView.m */ = {isa = PBXFileReference; fileEncoding = 4; lastKnownFileType = sourcecode.c.objc; path = CKPopupView.m; sourceTree = "<group>"; };
		039A92571BC9042B0020B640 /* CKActionCell.xib */ = {isa = PBXFileReference; fileEncoding = 4; lastKnownFileType = file.xib; path = CKActionCell.xib; sourceTree = "<group>"; };
		039A92591BC90E080020B640 /* CKAlertTextFieldCell.h */ = {isa = PBXFileReference; fileEncoding = 4; lastKnownFileType = sourcecode.c.h; path = CKAlertTextFieldCell.h; sourceTree = "<group>"; };
		039A925A1BC90E080020B640 /* CKAlertTextFieldCell.m */ = {isa = PBXFileReference; fileEncoding = 4; lastKnownFileType = sourcecode.c.objc; path = CKAlertTextFieldCell.m; sourceTree = "<group>"; };
		039A925B1BC90E080020B640 /* CKAlertTextFieldCell.xib */ = {isa = PBXFileReference; fileEncoding = 4; lastKnownFileType = file.xib; path = CKAlertTextFieldCell.xib; sourceTree = "<group>"; };
		CC3FAF4D1CA8E1A300155C11 /* CKAlertCheckBoxView.h */ = {isa = PBXFileReference; fileEncoding = 4; lastKnownFileType = sourcecode.c.h; path = CKAlertCheckBoxView.h; sourceTree = "<group>"; };
		CC3FAF4E1CA8E1A300155C11 /* CKAlertCheckBoxView.m */ = {isa = PBXFileReference; fileEncoding = 4; lastKnownFileType = sourcecode.c.objc; path = CKAlertCheckBoxView.m; sourceTree = "<group>"; };
		CC3FAF4F1CA8E1A300155C11 /* CKAlertCheckBoxView.xib */ = {isa = PBXFileReference; fileEncoding = 4; lastKnownFileType = file.xib; path = CKAlertCheckBoxView.xib; sourceTree = "<group>"; };
		CC77C91E1BCB7B8100A90370 /* CKAlertUIConfiguration.h */ = {isa = PBXFileReference; fileEncoding = 4; lastKnownFileType = sourcecode.c.h; path = CKAlertUIConfiguration.h; sourceTree = "<group>"; };
		CC77C91F1BCB7B8100A90370 /* CKAlertUIConfiguration.m */ = {isa = PBXFileReference; fileEncoding = 4; lastKnownFileType = sourcecode.c.objc; path = CKAlertUIConfiguration.m; sourceTree = "<group>"; };
		CC77C9211BCB8D0600A90370 /* popupbox_bottomborder__black.png */ = {isa = PBXFileReference; lastKnownFileType = image.png; path = popupbox_bottomborder__black.png; sourceTree = "<group>"; };
		CC77C9221BCB8D0600A90370 /* popupbox_bottomborder__black@2x.png */ = {isa = PBXFileReference; lastKnownFileType = image.png; path = "popupbox_bottomborder__black@2x.png"; sourceTree = "<group>"; };
		CC77C9231BCB8D0600A90370 /* popupbox_bottomborder__black@3x.png */ = {isa = PBXFileReference; lastKnownFileType = image.png; path = "popupbox_bottomborder__black@3x.png"; sourceTree = "<group>"; };
		CC77C9241BCB8D0600A90370 /* popupbox_bottomborder.png */ = {isa = PBXFileReference; lastKnownFileType = image.png; path = popupbox_bottomborder.png; sourceTree = "<group>"; };
		CC77C9251BCB8D0600A90370 /* popupbox_bottomborder@2x.png */ = {isa = PBXFileReference; lastKnownFileType = image.png; path = "popupbox_bottomborder@2x.png"; sourceTree = "<group>"; };
		CC77C9261BCB8D0600A90370 /* popupbox_bottomborder@3x.png */ = {isa = PBXFileReference; lastKnownFileType = image.png; path = "popupbox_bottomborder@3x.png"; sourceTree = "<group>"; };
/* End PBXFileReference section */

/* Begin PBXFrameworksBuildPhase section */
		039A91F41BC8B75A0020B640 /* Frameworks */ = {
			isa = PBXFrameworksBuildPhase;
			buildActionMask = 2147483647;
			files = (
			);
			runOnlyForDeploymentPostprocessing = 0;
		};
		039A920D1BC8B75A0020B640 /* Frameworks */ = {
			isa = PBXFrameworksBuildPhase;
			buildActionMask = 2147483647;
			files = (
			);
			runOnlyForDeploymentPostprocessing = 0;
		};
		039A92181BC8B75A0020B640 /* Frameworks */ = {
			isa = PBXFrameworksBuildPhase;
			buildActionMask = 2147483647;
			files = (
			);
			runOnlyForDeploymentPostprocessing = 0;
		};
/* End PBXFrameworksBuildPhase section */

/* Begin PBXGroup section */
		039A91EE1BC8B75A0020B640 = {
			isa = PBXGroup;
			children = (
				039A91F91BC8B75A0020B640 /* CKAlertController */,
				039A92131BC8B75A0020B640 /* CKAlertControllerTests */,
				039A921E1BC8B75A0020B640 /* CKAlertControllerUITests */,
				039A91F81BC8B75A0020B640 /* Products */,
			);
			sourceTree = "<group>";
		};
		039A91F81BC8B75A0020B640 /* Products */ = {
			isa = PBXGroup;
			children = (
				039A91F71BC8B75A0020B640 /* CKAlertController.app */,
				039A92101BC8B75A0020B640 /* CKAlertControllerTests.xctest */,
				039A921B1BC8B75A0020B640 /* CKAlertControllerUITests.xctest */,
			);
			name = Products;
			sourceTree = "<group>";
		};
		039A91F91BC8B75A0020B640 /* CKAlertController */ = {
			isa = PBXGroup;
			children = (
				039A922D1BC8B7ED0020B640 /* CKAlertController */,
				039A91FD1BC8B75A0020B640 /* AppDelegate.h */,
				039A91FE1BC8B75A0020B640 /* AppDelegate.m */,
				039A92001BC8B75A0020B640 /* ViewController.h */,
				039A92011BC8B75A0020B640 /* ViewController.m */,
				039A92031BC8B75A0020B640 /* Main.storyboard */,
				039A92061BC8B75A0020B640 /* Assets.xcassets */,
				039A92081BC8B75A0020B640 /* LaunchScreen.storyboard */,
				039A920B1BC8B75A0020B640 /* Info.plist */,
				039A91FA1BC8B75A0020B640 /* Supporting Files */,
			);
			path = CKAlertController;
			sourceTree = "<group>";
		};
		039A91FA1BC8B75A0020B640 /* Supporting Files */ = {
			isa = PBXGroup;
			children = (
				039A91FB1BC8B75A0020B640 /* main.m */,
			);
			name = "Supporting Files";
			sourceTree = "<group>";
		};
		039A92131BC8B75A0020B640 /* CKAlertControllerTests */ = {
			isa = PBXGroup;
			children = (
				039A92141BC8B75A0020B640 /* CKAlertControllerTests.m */,
				039A92161BC8B75A0020B640 /* Info.plist */,
			);
			path = CKAlertControllerTests;
			sourceTree = "<group>";
		};
		039A921E1BC8B75A0020B640 /* CKAlertControllerUITests */ = {
			isa = PBXGroup;
			children = (
				039A921F1BC8B75A0020B640 /* CKAlertControllerUITests.m */,
				039A92211BC8B75A0020B640 /* Info.plist */,
			);
			path = CKAlertControllerUITests;
			sourceTree = "<group>";
		};
		039A922D1BC8B7ED0020B640 /* CKAlertController */ = {
			isa = PBXGroup;
			children = (
				CC77C9211BCB8D0600A90370 /* popupbox_bottomborder__black.png */,
				CC77C9221BCB8D0600A90370 /* popupbox_bottomborder__black@2x.png */,
				CC77C9231BCB8D0600A90370 /* popupbox_bottomborder__black@3x.png */,
				CC77C9241BCB8D0600A90370 /* popupbox_bottomborder.png */,
				CC77C9251BCB8D0600A90370 /* popupbox_bottomborder@2x.png */,
				CC77C9261BCB8D0600A90370 /* popupbox_bottomborder@3x.png */,
				039A923A1BC8DE1E0020B640 /* View */,
				039A92331BC8C2E50020B640 /* Transition */,
				039A922E1BC8B8440020B640 /* CKAlertController.h */,
				039A922F1BC8B8440020B640 /* CKAlertController.m */,
				039A92311BC8BE6C0020B640 /* CKAlertController.storyboard */,
				CC77C91E1BCB7B8100A90370 /* CKAlertUIConfiguration.h */,
				CC77C91F1BCB7B8100A90370 /* CKAlertUIConfiguration.m */,
			);
			path = CKAlertController;
			sourceTree = "<group>";
		};
		039A92331BC8C2E50020B640 /* Transition */ = {
			isa = PBXGroup;
			children = (
				039A92341BC8C3120020B640 /* CKAlertControllerTransitionDelegate.h */,
				039A92351BC8C3120020B640 /* CKAlertControllerTransitionDelegate.m */,
				039A92371BC8C3340020B640 /* CKAlertControllerTransitionController.h */,
				039A92381BC8C3340020B640 /* CKAlertControllerTransitionController.m */,
			);
			path = Transition;
			sourceTree = "<group>";
		};
		039A923A1BC8DE1E0020B640 /* View */ = {
			isa = PBXGroup;
			children = (
				039A92541BC900FB0020B640 /* CKPopupView.h */,
				039A92551BC900FB0020B640 /* CKPopupView.m */,
				039A92451BC8EABE0020B640 /* Alert */,
				039A92481BC8EABE0020B640 /* ActionSheet */,
				039A92511BC8FB4D0020B640 /* CKActionCell.h */,
				039A92521BC8FB4D0020B640 /* CKActionCell.m */,
				039A92571BC9042B0020B640 /* CKActionCell.xib */,
			);
			path = View;
			sourceTree = "<group>";
		};
		039A92451BC8EABE0020B640 /* Alert */ = {
			isa = PBXGroup;
			children = (
				CC3FAF4D1CA8E1A300155C11 /* CKAlertCheckBoxView.h */,
				CC3FAF4E1CA8E1A300155C11 /* CKAlertCheckBoxView.m */,
				CC3FAF4F1CA8E1A300155C11 /* CKAlertCheckBoxView.xib */,
				039A92461BC8EABE0020B640 /* CKAlertView.h */,
				039A92471BC8EABE0020B640 /* CKAlertView.m */,
				039A924F1BC8EF9A0020B640 /* CKAlertView.xib */,
				039A924A1BC8EADA0020B640 /* CKAlertTitleView.h */,
				039A924B1BC8EADA0020B640 /* CKAlertTitleView.m */,
				039A924D1BC8EBEB0020B640 /* CKAlertTitleView.xib */,
				039A92591BC90E080020B640 /* CKAlertTextFieldCell.h */,
				039A925A1BC90E080020B640 /* CKAlertTextFieldCell.m */,
				039A925B1BC90E080020B640 /* CKAlertTextFieldCell.xib */,
			);
			path = Alert;
			sourceTree = "<group>";
		};
		039A92481BC8EABE0020B640 /* ActionSheet */ = {
			isa = PBXGroup;
			children = (
			);
			path = ActionSheet;
			sourceTree = "<group>";
		};
/* End PBXGroup section */

/* Begin PBXNativeTarget section */
		039A91F61BC8B75A0020B640 /* CKAlertController */ = {
			isa = PBXNativeTarget;
			buildConfigurationList = 039A92241BC8B75A0020B640 /* Build configuration list for PBXNativeTarget "CKAlertController" */;
			buildPhases = (
				039A91F31BC8B75A0020B640 /* Sources */,
				039A91F41BC8B75A0020B640 /* Frameworks */,
				039A91F51BC8B75A0020B640 /* Resources */,
			);
			buildRules = (
			);
			dependencies = (
			);
			name = CKAlertController;
			productName = CKAlertController;
			productReference = 039A91F71BC8B75A0020B640 /* CKAlertController.app */;
			productType = "com.apple.product-type.application";
		};
		039A920F1BC8B75A0020B640 /* CKAlertControllerTests */ = {
			isa = PBXNativeTarget;
			buildConfigurationList = 039A92271BC8B75A0020B640 /* Build configuration list for PBXNativeTarget "CKAlertControllerTests" */;
			buildPhases = (
				039A920C1BC8B75A0020B640 /* Sources */,
				039A920D1BC8B75A0020B640 /* Frameworks */,
				039A920E1BC8B75A0020B640 /* Resources */,
			);
			buildRules = (
			);
			dependencies = (
				039A92121BC8B75A0020B640 /* PBXTargetDependency */,
			);
			name = CKAlertControllerTests;
			productName = CKAlertControllerTests;
			productReference = 039A92101BC8B75A0020B640 /* CKAlertControllerTests.xctest */;
			productType = "com.apple.product-type.bundle.unit-test";
		};
		039A921A1BC8B75A0020B640 /* CKAlertControllerUITests */ = {
			isa = PBXNativeTarget;
			buildConfigurationList = 039A922A1BC8B75A0020B640 /* Build configuration list for PBXNativeTarget "CKAlertControllerUITests" */;
			buildPhases = (
				039A92171BC8B75A0020B640 /* Sources */,
				039A92181BC8B75A0020B640 /* Frameworks */,
				039A92191BC8B75A0020B640 /* Resources */,
			);
			buildRules = (
			);
			dependencies = (
				039A921D1BC8B75A0020B640 /* PBXTargetDependency */,
			);
			name = CKAlertControllerUITests;
			productName = CKAlertControllerUITests;
			productReference = 039A921B1BC8B75A0020B640 /* CKAlertControllerUITests.xctest */;
			productType = "com.apple.product-type.bundle.ui-testing";
		};
/* End PBXNativeTarget section */

/* Begin PBXProject section */
		039A91EF1BC8B75A0020B640 /* Project object */ = {
			isa = PBXProject;
			attributes = {
				LastUpgradeCheck = 0700;
				ORGANIZATIONNAME = Cocody;
				TargetAttributes = {
					039A91F61BC8B75A0020B640 = {
						CreatedOnToolsVersion = 7.0.1;
					};
					039A920F1BC8B75A0020B640 = {
						CreatedOnToolsVersion = 7.0.1;
						TestTargetID = 039A91F61BC8B75A0020B640;
					};
					039A921A1BC8B75A0020B640 = {
						CreatedOnToolsVersion = 7.0.1;
						TestTargetID = 039A91F61BC8B75A0020B640;
					};
				};
			};
			buildConfigurationList = 039A91F21BC8B75A0020B640 /* Build configuration list for PBXProject "CKAlertController" */;
			compatibilityVersion = "Xcode 3.2";
			developmentRegion = English;
			hasScannedForEncodings = 0;
			knownRegions = (
				en,
				Base,
			);
			mainGroup = 039A91EE1BC8B75A0020B640;
			productRefGroup = 039A91F81BC8B75A0020B640 /* Products */;
			projectDirPath = "";
			projectRoot = "";
			targets = (
				039A91F61BC8B75A0020B640 /* CKAlertController */,
				039A920F1BC8B75A0020B640 /* CKAlertControllerTests */,
				039A921A1BC8B75A0020B640 /* CKAlertControllerUITests */,
			);
		};
/* End PBXProject section */

/* Begin PBXResourcesBuildPhase section */
		039A91F51BC8B75A0020B640 /* Resources */ = {
			isa = PBXResourcesBuildPhase;
			buildActionMask = 2147483647;
			files = (
				CC77C92B1BCB8D0600A90370 /* popupbox_bottomborder@2x.png in Resources */,
				039A925D1BC90E080020B640 /* CKAlertTextFieldCell.xib in Resources */,
				039A920A1BC8B75A0020B640 /* LaunchScreen.storyboard in Resources */,
				CC3FAF511CA8E1A300155C11 /* CKAlertCheckBoxView.xib in Resources */,
				CC77C9291BCB8D0600A90370 /* popupbox_bottomborder__black@3x.png in Resources */,
				039A92501BC8EF9A0020B640 /* CKAlertView.xib in Resources */,
				CC77C92C1BCB8D0600A90370 /* popupbox_bottomborder@3x.png in Resources */,
				039A92321BC8BE6C0020B640 /* CKAlertController.storyboard in Resources */,
				039A92071BC8B75A0020B640 /* Assets.xcassets in Resources */,
				039A92581BC9042B0020B640 /* CKActionCell.xib in Resources */,
				039A924E1BC8EBEB0020B640 /* CKAlertTitleView.xib in Resources */,
				CC77C9271BCB8D0600A90370 /* popupbox_bottomborder__black.png in Resources */,
				CC77C9281BCB8D0600A90370 /* popupbox_bottomborder__black@2x.png in Resources */,
				039A92051BC8B75A0020B640 /* Main.storyboard in Resources */,
				CC77C92A1BCB8D0600A90370 /* popupbox_bottomborder.png in Resources */,
			);
			runOnlyForDeploymentPostprocessing = 0;
		};
		039A920E1BC8B75A0020B640 /* Resources */ = {
			isa = PBXResourcesBuildPhase;
			buildActionMask = 2147483647;
			files = (
			);
			runOnlyForDeploymentPostprocessing = 0;
		};
		039A92191BC8B75A0020B640 /* Resources */ = {
			isa = PBXResourcesBuildPhase;
			buildActionMask = 2147483647;
			files = (
			);
			runOnlyForDeploymentPostprocessing = 0;
		};
/* End PBXResourcesBuildPhase section */

/* Begin PBXSourcesBuildPhase section */
		039A91F31BC8B75A0020B640 /* Sources */ = {
			isa = PBXSourcesBuildPhase;
			buildActionMask = 2147483647;
			files = (
				039A925C1BC90E080020B640 /* CKAlertTextFieldCell.m in Sources */,
				039A924C1BC8EADA0020B640 /* CKAlertTitleView.m in Sources */,
				039A92301BC8B8440020B640 /* CKAlertController.m in Sources */,
				CC77C9201BCB7B8100A90370 /* CKAlertUIConfiguration.m in Sources */,
				039A92391BC8C3340020B640 /* CKAlertControllerTransitionController.m in Sources */,
				CC3FAF501CA8E1A300155C11 /* CKAlertCheckBoxView.m in Sources */,
				039A92561BC900FB0020B640 /* CKPopupView.m in Sources */,
				039A92531BC8FB4D0020B640 /* CKActionCell.m in Sources */,
				039A92021BC8B75A0020B640 /* ViewController.m in Sources */,
				039A91FF1BC8B75A0020B640 /* AppDelegate.m in Sources */,
				039A91FC1BC8B75A0020B640 /* main.m in Sources */,
				039A92491BC8EABE0020B640 /* CKAlertView.m in Sources */,
				039A92361BC8C3120020B640 /* CKAlertControllerTransitionDelegate.m in Sources */,
			);
			runOnlyForDeploymentPostprocessing = 0;
		};
		039A920C1BC8B75A0020B640 /* Sources */ = {
			isa = PBXSourcesBuildPhase;
			buildActionMask = 2147483647;
			files = (
				039A92151BC8B75A0020B640 /* CKAlertControllerTests.m in Sources */,
			);
			runOnlyForDeploymentPostprocessing = 0;
		};
		039A92171BC8B75A0020B640 /* Sources */ = {
			isa = PBXSourcesBuildPhase;
			buildActionMask = 2147483647;
			files = (
				039A92201BC8B75A0020B640 /* CKAlertControllerUITests.m in Sources */,
			);
			runOnlyForDeploymentPostprocessing = 0;
		};
/* End PBXSourcesBuildPhase section */

/* Begin PBXTargetDependency section */
		039A92121BC8B75A0020B640 /* PBXTargetDependency */ = {
			isa = PBXTargetDependency;
			target = 039A91F61BC8B75A0020B640 /* CKAlertController */;
			targetProxy = 039A92111BC8B75A0020B640 /* PBXContainerItemProxy */;
		};
		039A921D1BC8B75A0020B640 /* PBXTargetDependency */ = {
			isa = PBXTargetDependency;
			target = 039A91F61BC8B75A0020B640 /* CKAlertController */;
			targetProxy = 039A921C1BC8B75A0020B640 /* PBXContainerItemProxy */;
		};
/* End PBXTargetDependency section */

/* Begin PBXVariantGroup section */
		039A92031BC8B75A0020B640 /* Main.storyboard */ = {
			isa = PBXVariantGroup;
			children = (
				039A92041BC8B75A0020B640 /* Base */,
			);
			name = Main.storyboard;
			sourceTree = "<group>";
		};
		039A92081BC8B75A0020B640 /* LaunchScreen.storyboard */ = {
			isa = PBXVariantGroup;
			children = (
				039A92091BC8B75A0020B640 /* Base */,
			);
			name = LaunchScreen.storyboard;
			sourceTree = "<group>";
		};
/* End PBXVariantGroup section */

/* Begin XCBuildConfiguration section */
		039A92221BC8B75A0020B640 /* Debug */ = {
			isa = XCBuildConfiguration;
			buildSettings = {
				ALWAYS_SEARCH_USER_PATHS = NO;
				CLANG_CXX_LANGUAGE_STANDARD = "gnu++0x";
				CLANG_CXX_LIBRARY = "libc++";
				CLANG_ENABLE_MODULES = YES;
				CLANG_ENABLE_OBJC_ARC = YES;
				CLANG_WARN_BOOL_CONVERSION = YES;
				CLANG_WARN_CONSTANT_CONVERSION = YES;
				CLANG_WARN_DIRECT_OBJC_ISA_USAGE = YES_ERROR;
				CLANG_WARN_EMPTY_BODY = YES;
				CLANG_WARN_ENUM_CONVERSION = YES;
				CLANG_WARN_INT_CONVERSION = YES;
				CLANG_WARN_OBJC_ROOT_CLASS = YES_ERROR;
				CLANG_WARN_UNREACHABLE_CODE = YES;
				CLANG_WARN__DUPLICATE_METHOD_MATCH = YES;
				"CODE_SIGN_IDENTITY[sdk=iphoneos*]" = "iPhone Developer";
				COPY_PHASE_STRIP = NO;
				DEBUG_INFORMATION_FORMAT = dwarf;
				ENABLE_STRICT_OBJC_MSGSEND = YES;
				ENABLE_TESTABILITY = YES;
				GCC_C_LANGUAGE_STANDARD = gnu99;
				GCC_DYNAMIC_NO_PIC = NO;
				GCC_NO_COMMON_BLOCKS = YES;
				GCC_OPTIMIZATION_LEVEL = 0;
				GCC_PREPROCESSOR_DEFINITIONS = (
					"DEBUG=1",
					"$(inherited)",
				);
				GCC_WARN_64_TO_32_BIT_CONVERSION = YES;
				GCC_WARN_ABOUT_RETURN_TYPE = YES_ERROR;
				GCC_WARN_UNDECLARED_SELECTOR = YES;
				GCC_WARN_UNINITIALIZED_AUTOS = YES_AGGRESSIVE;
				GCC_WARN_UNUSED_FUNCTION = YES;
				GCC_WARN_UNUSED_VARIABLE = YES;
				IPHONEOS_DEPLOYMENT_TARGET = 9.0;
				MTL_ENABLE_DEBUG_INFO = YES;
				ONLY_ACTIVE_ARCH = YES;
				SDKROOT = iphoneos;
				TARGETED_DEVICE_FAMILY = "1,2";
			};
			name = Debug;
		};
		039A92231BC8B75A0020B640 /* Release */ = {
			isa = XCBuildConfiguration;
			buildSettings = {
				ALWAYS_SEARCH_USER_PATHS = NO;
				CLANG_CXX_LANGUAGE_STANDARD = "gnu++0x";
				CLANG_CXX_LIBRARY = "libc++";
				CLANG_ENABLE_MODULES = YES;
				CLANG_ENABLE_OBJC_ARC = YES;
				CLANG_WARN_BOOL_CONVERSION = YES;
				CLANG_WARN_CONSTANT_CONVERSION = YES;
				CLANG_WARN_DIRECT_OBJC_ISA_USAGE = YES_ERROR;
				CLANG_WARN_EMPTY_BODY = YES;
				CLANG_WARN_ENUM_CONVERSION = YES;
				CLANG_WARN_INT_CONVERSION = YES;
				CLANG_WARN_OBJC_ROOT_CLASS = YES_ERROR;
				CLANG_WARN_UNREACHABLE_CODE = YES;
				CLANG_WARN__DUPLICATE_METHOD_MATCH = YES;
				"CODE_SIGN_IDENTITY[sdk=iphoneos*]" = "iPhone Developer";
				COPY_PHASE_STRIP = NO;
				DEBUG_INFORMATION_FORMAT = "dwarf-with-dsym";
				ENABLE_NS_ASSERTIONS = NO;
				ENABLE_STRICT_OBJC_MSGSEND = YES;
				GCC_C_LANGUAGE_STANDARD = gnu99;
				GCC_NO_COMMON_BLOCKS = YES;
				GCC_WARN_64_TO_32_BIT_CONVERSION = YES;
				GCC_WARN_ABOUT_RETURN_TYPE = YES_ERROR;
				GCC_WARN_UNDECLARED_SELECTOR = YES;
				GCC_WARN_UNINITIALIZED_AUTOS = YES_AGGRESSIVE;
				GCC_WARN_UNUSED_FUNCTION = YES;
				GCC_WARN_UNUSED_VARIABLE = YES;
				IPHONEOS_DEPLOYMENT_TARGET = 9.0;
				MTL_ENABLE_DEBUG_INFO = NO;
				SDKROOT = iphoneos;
				TARGETED_DEVICE_FAMILY = "1,2";
				VALIDATE_PRODUCT = YES;
			};
			name = Release;
		};
		039A92251BC8B75A0020B640 /* Debug */ = {
			isa = XCBuildConfiguration;
			buildSettings = {
				ASSETCATALOG_COMPILER_APPICON_NAME = AppIcon;
				INFOPLIST_FILE = CKAlertController/Info.plist;
				LD_RUNPATH_SEARCH_PATHS = "$(inherited) @executable_path/Frameworks";
				PRODUCT_BUNDLE_IDENTIFIER = Cocody.CKAlertController;
				PRODUCT_NAME = "$(TARGET_NAME)";
			};
			name = Debug;
		};
		039A92261BC8B75A0020B640 /* Release */ = {
			isa = XCBuildConfiguration;
			buildSettings = {
				ASSETCATALOG_COMPILER_APPICON_NAME = AppIcon;
				INFOPLIST_FILE = CKAlertController/Info.plist;
				LD_RUNPATH_SEARCH_PATHS = "$(inherited) @executable_path/Frameworks";
				PRODUCT_BUNDLE_IDENTIFIER = Cocody.CKAlertController;
				PRODUCT_NAME = "$(TARGET_NAME)";
			};
			name = Release;
		};
		039A92281BC8B75A0020B640 /* Debug */ = {
			isa = XCBuildConfiguration;
			buildSettings = {
				BUNDLE_LOADER = "$(TEST_HOST)";
				INFOPLIST_FILE = CKAlertControllerTests/Info.plist;
				LD_RUNPATH_SEARCH_PATHS = "$(inherited) @executable_path/Frameworks @loader_path/Frameworks";
				PRODUCT_BUNDLE_IDENTIFIER = Cocody.CKAlertControllerTests;
				PRODUCT_NAME = "$(TARGET_NAME)";
				TEST_HOST = "$(BUILT_PRODUCTS_DIR)/CKAlertController.app/CKAlertController";
			};
			name = Debug;
		};
		039A92291BC8B75A0020B640 /* Release */ = {
			isa = XCBuildConfiguration;
			buildSettings = {
				BUNDLE_LOADER = "$(TEST_HOST)";
				INFOPLIST_FILE = CKAlertControllerTests/Info.plist;
				LD_RUNPATH_SEARCH_PATHS = "$(inherited) @executable_path/Frameworks @loader_path/Frameworks";
				PRODUCT_BUNDLE_IDENTIFIER = Cocody.CKAlertControllerTests;
				PRODUCT_NAME = "$(TARGET_NAME)";
				TEST_HOST = "$(BUILT_PRODUCTS_DIR)/CKAlertController.app/CKAlertController";
			};
			name = Release;
		};
		039A922B1BC8B75A0020B640 /* Debug */ = {
			isa = XCBuildConfiguration;
			buildSettings = {
				INFOPLIST_FILE = CKAlertControllerUITests/Info.plist;
				LD_RUNPATH_SEARCH_PATHS = "$(inherited) @executable_path/Frameworks @loader_path/Frameworks";
				PRODUCT_BUNDLE_IDENTIFIER = Cocody.CKAlertControllerUITests;
				PRODUCT_NAME = "$(TARGET_NAME)";
				TEST_TARGET_NAME = CKAlertController;
				USES_XCTRUNNER = YES;
			};
			name = Debug;
		};
		039A922C1BC8B75A0020B640 /* Release */ = {
			isa = XCBuildConfiguration;
			buildSettings = {
				INFOPLIST_FILE = CKAlertControllerUITests/Info.plist;
				LD_RUNPATH_SEARCH_PATHS = "$(inherited) @executable_path/Frameworks @loader_path/Frameworks";
				PRODUCT_BUNDLE_IDENTIFIER = Cocody.CKAlertControllerUITests;
				PRODUCT_NAME = "$(TARGET_NAME)";
				TEST_TARGET_NAME = CKAlertController;
				USES_XCTRUNNER = YES;
			};
			name = Release;
		};
/* End XCBuildConfiguration section */

/* Begin XCConfigurationList section */
		039A91F21BC8B75A0020B640 /* Build configuration list for PBXProject "CKAlertController" */ = {
			isa = XCConfigurationList;
			buildConfigurations = (
				039A92221BC8B75A0020B640 /* Debug */,
				039A92231BC8B75A0020B640 /* Release */,
			);
			defaultConfigurationIsVisible = 0;
			defaultConfigurationName = Release;
		};
		039A92241BC8B75A0020B640 /* Build configuration list for PBXNativeTarget "CKAlertController" */ = {
			isa = XCConfigurationList;
			buildConfigurations = (
				039A92251BC8B75A0020B640 /* Debug */,
				039A92261BC8B75A0020B640 /* Release */,
			);
			defaultConfigurationIsVisible = 0;
			defaultConfigurationName = Release;
		};
		039A92271BC8B75A0020B640 /* Build configuration list for PBXNativeTarget "CKAlertControllerTests" */ = {
			isa = XCConfigurationList;
			buildConfigurations = (
				039A92281BC8B75A0020B640 /* Debug */,
				039A92291BC8B75A0020B640 /* Release */,
			);
			defaultConfigurationIsVisible = 0;
			defaultConfigurationName = Release;
		};
		039A922A1BC8B75A0020B640 /* Build configuration list for PBXNativeTarget "CKAlertControllerUITests" */ = {
			isa = XCConfigurationList;
			buildConfigurations = (
				039A922B1BC8B75A0020B640 /* Debug */,
				039A922C1BC8B75A0020B640 /* Release */,
			);
			defaultConfigurationIsVisible = 0;
			defaultConfigurationName = Release;
		};
/* End XCConfigurationList section */
	};
	rootObject = 039A91EF1BC8B75A0020B640 /* Project object */;
}
